
Microsoft Visual Studio Solution File, Format Version 12.00
# Visual Studio Version 16
VisualStudioVersion = 16.0.29411.108
MinimumVisualStudioVersion = 10.0.40219.1
Project("{FAE04EC0-301F-11D3-BF4B-00C04F79EFBC}") = "test_github", "test_github\test_github.csproj", "{CD1F630E-4F03-40C7-B10B-91E8FBC00A33}"
EndProject
Global
	GlobalSection(SolutionConfigurationPlatforms) = preSolution
		Debug|Any CPU = Debug|Any CPU
		Release|Any CPU = Release|Any CPU
	EndGlobalSection
	GlobalSection(ProjectConfigurationPlatforms) = postSolution
		{CD1F630E-4F03-40C7-B10B-91E8FBC00A33}.Debug|Any CPU.ActiveCfg = Debug|Any CPU
		{CD1F630E-4F03-40C7-B10B-91E8FBC00A33}.Debug|Any CPU.Build.0 = Debug|Any CPU
		{CD1F630E-4F03-40C7-B10B-91E8FBC00A33}.Release|Any CPU.ActiveCfg = Release|Any CPU
		{CD1F630E-4F03-40C7-B10B-91E8FBC00A33}.Release|Any CPU.Build.0 = Release|Any CPU
	EndGlobalSection
	GlobalSection(SolutionProperties) = preSolution
		HideSolutionNode = FALSE
	EndGlobalSection
	GlobalSection(ExtensibilityGlobals) = postSolution
		SolutionGuid = {6EFC49A0-3C72-4A63-8F76-F1A9DA0B8E35}
	EndGlobalSection
EndGlobal
